// !$*UTF8*$!
{
	archiveVersion = 1;
	classes = {
	};
	objectVersion = 46;
	objects = {

/* Begin PBXBuildFile section */
		D318324919D06173003D51A3 /* CaseItem.m in Sources */ = {isa = PBXBuildFile; fileRef = D318324819D06173003D51A3 /* CaseItem.m */; };
		D318324D19D062ED003D51A3 /* CaseBuilder.m in Sources */ = {isa = PBXBuildFile; fileRef = D318324C19D062ED003D51A3 /* CaseBuilder.m */; };
		D318325019D1828B003D51A3 /* CaseDetailsViewController.m in Sources */ = {isa = PBXBuildFile; fileRef = D318324F19D1828B003D51A3 /* CaseDetailsViewController.m */; };
		D31DF2F619CEFC0C00A37725 /* Foundation.framework in Frameworks */ = {isa = PBXBuildFile; fileRef = D31DF2F519CEFC0C00A37725 /* Foundation.framework */; };
		D31DF2F819CEFC0C00A37725 /* CoreGraphics.framework in Frameworks */ = {isa = PBXBuildFile; fileRef = D31DF2F719CEFC0C00A37725 /* CoreGraphics.framework */; };
		D31DF2FA19CEFC0C00A37725 /* UIKit.framework in Frameworks */ = {isa = PBXBuildFile; fileRef = D31DF2F919CEFC0C00A37725 /* UIKit.framework */; };
		D31DF30019CEFC0C00A37725 /* InfoPlist.strings in Resources */ = {isa = PBXBuildFile; fileRef = D31DF2FE19CEFC0C00A37725 /* InfoPlist.strings */; };
		D31DF30219CEFC0C00A37725 /* main.m in Sources */ = {isa = PBXBuildFile; fileRef = D31DF30119CEFC0C00A37725 /* main.m */; };
		D31DF30619CEFC0C00A37725 /* AppDelegate.m in Sources */ = {isa = PBXBuildFile; fileRef = D31DF30519CEFC0C00A37725 /* AppDelegate.m */; };
		D31DF30919CEFC0C00A37725 /* Main_iPhone.storyboard in Resources */ = {isa = PBXBuildFile; fileRef = D31DF30719CEFC0C00A37725 /* Main_iPhone.storyboard */; };
		D31DF30C19CEFC0C00A37725 /* Main_iPad.storyboard in Resources */ = {isa = PBXBuildFile; fileRef = D31DF30A19CEFC0C00A37725 /* Main_iPad.storyboard */; };
		D31DF30F19CEFC0C00A37725 /* ViewCasesViewController.m in Sources */ = {isa = PBXBuildFile; fileRef = D31DF30E19CEFC0C00A37725 /* ViewCasesViewController.m */; };
		D31DF31119CEFC0C00A37725 /* Images.xcassets in Resources */ = {isa = PBXBuildFile; fileRef = D31DF31019CEFC0C00A37725 /* Images.xcassets */; };
		D3207AFF19E9B01200085B7C /* MBProgressHUD.m in Sources */ = {isa = PBXBuildFile; fileRef = D3207AFE19E9B01200085B7C /* MBProgressHUD.m */; };
		D3207B0219E9CBCE00085B7C /* NewPropertyViewController.m in Sources */ = {isa = PBXBuildFile; fileRef = D3207B0119E9CBCE00085B7C /* NewPropertyViewController.m */; };
		D3207B0419E9CF8B00085B7C /* green-checkmark.jpg in Resources */ = {isa = PBXBuildFile; fileRef = D3207B0319E9CF8B00085B7C /* green-checkmark.jpg */; };
		D328EF7719DCA99B00838999 /* XMLWriter.m in Sources */ = {isa = PBXBuildFile; fileRef = D328EF7619DCA99B00838999 /* XMLWriter.m */; };
		D3F4573F19F88199000EDF25 /* setProfileViewController.m in Sources */ = {isa = PBXBuildFile; fileRef = D3F4573E19F88199000EDF25 /* setProfileViewController.m */; };
		D3F4574219FD920A000EDF25 /* ManButton.png in Resources */ = {isa = PBXBuildFile; fileRef = D3F4574019FD920A000EDF25 /* ManButton.png */; };
		D3F4574319FD920A000EDF25 /* womanbutton.png in Resources */ = {isa = PBXBuildFile; fileRef = D3F4574119FD920A000EDF25 /* womanbutton.png */; };
		D3F457471A0026EE000EDF25 /* UIView+Animation.m in Sources */ = {isa = PBXBuildFile; fileRef = D3F457461A0026EE000EDF25 /* UIView+Animation.m */; };
		D3F457491A0031F0000EDF25 /* stockphotowoman1.jpg in Resources */ = {isa = PBXBuildFile; fileRef = D3F457481A0031F0000EDF25 /* stockphotowoman1.jpg */; };
		D3F4574B1A003772000EDF25 /* stockphotoguy1.jpg in Resources */ = {isa = PBXBuildFile; fileRef = D3F4574A1A003772000EDF25 /* stockphotoguy1.jpg */; };
		D3FBD12219CF0386008240F5 /* AdSupport.framework in Frameworks */ = {isa = PBXBuildFile; fileRef = D3FBD12119CF0386008240F5 /* AdSupport.framework */; };
		D3FBD12419CF0391008240F5 /* Social.framework in Frameworks */ = {isa = PBXBuildFile; fileRef = D3FBD12319CF0391008240F5 /* Social.framework */; };
		D3FBD12619CF0399008240F5 /* Accounts.framework in Frameworks */ = {isa = PBXBuildFile; fileRef = D3FBD12519CF0399008240F5 /* Accounts.framework */; };
		D3FBD12819CF03A2008240F5 /* AudioToolbox.framework in Frameworks */ = {isa = PBXBuildFile; fileRef = D3FBD12719CF03A2008240F5 /* AudioToolbox.framework */; };
		D3FBD12A19CF03AB008240F5 /* CFNetwork.framework in Frameworks */ = {isa = PBXBuildFile; fileRef = D3FBD12919CF03AB008240F5 /* CFNetwork.framework */; };
		D3FBD12C19CF03B5008240F5 /* CoreLocation.framework in Frameworks */ = {isa = PBXBuildFile; fileRef = D3FBD12B19CF03B5008240F5 /* CoreLocation.framework */; };
		D3FBD12E19CF03D6008240F5 /* libsqlite3.dylib in Frameworks */ = {isa = PBXBuildFile; fileRef = D3FBD12D19CF03D6008240F5 /* libsqlite3.dylib */; };
		D3FBD13019CF03E2008240F5 /* libz.1.1.3.dylib in Frameworks */ = {isa = PBXBuildFile; fileRef = D3FBD12F19CF03E2008240F5 /* libz.1.1.3.dylib */; };
		D3FBD13219CF03EC008240F5 /* MobileCoreServices.framework in Frameworks */ = {isa = PBXBuildFile; fileRef = D3FBD13119CF03EC008240F5 /* MobileCoreServices.framework */; };
		D3FBD13419CF0411008240F5 /* QuartzCore.framework in Frameworks */ = {isa = PBXBuildFile; fileRef = D3FBD13319CF0411008240F5 /* QuartzCore.framework */; };
		D3FBD13619CF0419008240F5 /* Security.framework in Frameworks */ = {isa = PBXBuildFile; fileRef = D3FBD13519CF0419008240F5 /* Security.framework */; };
		D3FBD13819CF0424008240F5 /* StoreKit.framework in Frameworks */ = {isa = PBXBuildFile; fileRef = D3FBD13719CF0423008240F5 /* StoreKit.framework */; };
		D3FBD13A19CF042F008240F5 /* SystemConfiguration.framework in Frameworks */ = {isa = PBXBuildFile; fileRef = D3FBD13919CF042E008240F5 /* SystemConfiguration.framework */; };
		D3FBD13D19D0505D008240F5 /* Case.m in Sources */ = {isa = PBXBuildFile; fileRef = D3FBD13C19D0505D008240F5 /* Case.m */; };
		EC0822F01A0EE7F0000B6684 /* MKAnnotationView+WebCache.m in Sources */ = {isa = PBXBuildFile; fileRef = EC0822D01A0EE7F0000B6684 /* MKAnnotationView+WebCache.m */; };
		EC0822F11A0EE7F0000B6684 /* NSData+ImageContentType.m in Sources */ = {isa = PBXBuildFile; fileRef = EC0822D21A0EE7F0000B6684 /* NSData+ImageContentType.m */; };
		EC0822F21A0EE7F0000B6684 /* SDImageCache.m in Sources */ = {isa = PBXBuildFile; fileRef = EC0822D41A0EE7F0000B6684 /* SDImageCache.m */; };
		EC0822F31A0EE7F0000B6684 /* SDWebImageCompat.m in Sources */ = {isa = PBXBuildFile; fileRef = EC0822D61A0EE7F0000B6684 /* SDWebImageCompat.m */; };
		EC0822F41A0EE7F0000B6684 /* SDWebImageDecoder.m in Sources */ = {isa = PBXBuildFile; fileRef = EC0822D81A0EE7F0000B6684 /* SDWebImageDecoder.m */; };
		EC0822F51A0EE7F0000B6684 /* SDWebImageDownloader.m in Sources */ = {isa = PBXBuildFile; fileRef = EC0822DA1A0EE7F0000B6684 /* SDWebImageDownloader.m */; };
		EC0822F61A0EE7F0000B6684 /* SDWebImageDownloaderOperation.m in Sources */ = {isa = PBXBuildFile; fileRef = EC0822DC1A0EE7F0000B6684 /* SDWebImageDownloaderOperation.m */; };
		EC0822F71A0EE7F0000B6684 /* SDWebImageManager.m in Sources */ = {isa = PBXBuildFile; fileRef = EC0822DE1A0EE7F0000B6684 /* SDWebImageManager.m */; };
		EC0822F81A0EE7F0000B6684 /* SDWebImagePrefetcher.m in Sources */ = {isa = PBXBuildFile; fileRef = EC0822E11A0EE7F0000B6684 /* SDWebImagePrefetcher.m */; };
		EC0822F91A0EE7F0000B6684 /* UIButton+WebCache.m in Sources */ = {isa = PBXBuildFile; fileRef = EC0822E31A0EE7F0000B6684 /* UIButton+WebCache.m */; };
		EC0822FA1A0EE7F0000B6684 /* UIImage+GIF.m in Sources */ = {isa = PBXBuildFile; fileRef = EC0822E51A0EE7F0000B6684 /* UIImage+GIF.m */; };
		EC0822FB1A0EE7F0000B6684 /* UIImage+MultiFormat.m in Sources */ = {isa = PBXBuildFile; fileRef = EC0822E71A0EE7F0000B6684 /* UIImage+MultiFormat.m */; };
		EC0822FC1A0EE7F0000B6684 /* UIImage+WebP.m in Sources */ = {isa = PBXBuildFile; fileRef = EC0822E91A0EE7F0000B6684 /* UIImage+WebP.m */; };
		EC0822FD1A0EE7F0000B6684 /* UIImageView+HighlightedWebCache.m in Sources */ = {isa = PBXBuildFile; fileRef = EC0822EB1A0EE7F0000B6684 /* UIImageView+HighlightedWebCache.m */; };
		EC0822FE1A0EE7F0000B6684 /* UIImageView+WebCache.m in Sources */ = {isa = PBXBuildFile; fileRef = EC0822ED1A0EE7F0000B6684 /* UIImageView+WebCache.m */; };
		EC0822FF1A0EE7F0000B6684 /* UIView+WebCacheOperation.m in Sources */ = {isa = PBXBuildFile; fileRef = EC0822EF1A0EE7F0000B6684 /* UIView+WebCacheOperation.m */; };
		EC0823011A18689C000B6684 /* cityLightsBG.jpg in Resources */ = {isa = PBXBuildFile; fileRef = EC0823001A18689C000B6684 /* cityLightsBG.jpg */; };
		EC0823041A186B13000B6684 /* HomePageViewController.m in Sources */ = {isa = PBXBuildFile; fileRef = EC0823031A186B13000B6684 /* HomePageViewController.m */; };
		EC9F51DB1A2AC53B00CFED6E /* longexposurestreetlights.jpeg in Resources */ = {isa = PBXBuildFile; fileRef = EC9F51DA1A2AC53B00CFED6E /* longexposurestreetlights.jpeg */; };
		EC9F51DD1A2AC63F00CFED6E /* gaussianblur.jpg in Resources */ = {isa = PBXBuildFile; fileRef = EC9F51DC1A2AC63F00CFED6E /* gaussianblur.jpg */; };
		EC9F51DF1A2AC68B00CFED6E /* blurredlights.jpg in Resources */ = {isa = PBXBuildFile; fileRef = EC9F51DE1A2AC68B00CFED6E /* blurredlights.jpg */; };
		ECB1D5111A7748B5008CC684 /* popupViewController.m in Sources */ = {isa = PBXBuildFile; fileRef = ECB1D5101A7748B5008CC684 /* popupViewController.m */; };
		ECE6B1631A069AC3007F4A19 /* Bolts.framework in Frameworks */ = {isa = PBXBuildFile; fileRef = ECE6B1621A069AC3007F4A19 /* Bolts.framework */; };
		ECE6B1671A069B69007F4A19 /* Parse.framework in Frameworks */ = {isa = PBXBuildFile; fileRef = ECE6B1661A069B69007F4A19 /* Parse.framework */; };
		ECE6B16A1A069C1D007F4A19 /* findmeInfo.plist in Resources */ = {isa = PBXBuildFile; fileRef = ECE6B1691A069C1D007F4A19 /* findmeInfo.plist */; };
		ECE6B16C1A069DAB007F4A19 /* stockphotowoman2.jpg in Resources */ = {isa = PBXBuildFile; fileRef = ECE6B16B1A069DAB007F4A19 /* stockphotowoman2.jpg */; };
		ECE6B16E1A06AD0E007F4A19 /* sawyousubway.jpg in Resources */ = {isa = PBXBuildFile; fileRef = ECE6B16D1A06AD0E007F4A19 /* sawyousubway.jpg */; };
		ECE6B1711A06B8A9007F4A19 /* alwaysloveyou.png in Resources */ = {isa = PBXBuildFile; fileRef = ECE6B16F1A06B8A9007F4A19 /* alwaysloveyou.png */; };
		ECE6B1721A06B8A9007F4A19 /* thinkingaboutyou.jpg in Resources */ = {isa = PBXBuildFile; fileRef = ECE6B1701A06B8A9007F4A19 /* thinkingaboutyou.jpg */; };
		ECE6B1761A0D8AE5007F4A19 /* newCaseViewController.m in Sources */ = {isa = PBXBuildFile; fileRef = ECE6B1751A0D8AE5007F4A19 /* newCaseViewController.m */; };
		ECE6B1801A0D9FF3007F4A19 /* UIImageView+Scaling.m in Sources */ = {isa = PBXBuildFile; fileRef = ECE6B17D1A0D9FF3007F4A19 /* UIImageView+Scaling.m */; };
		ECE6B1811A0D9FF3007F4A19 /* UIImageView+UIActivityIndicatorForSDWebImage.m in Sources */ = {isa = PBXBuildFile; fileRef = ECE6B17F1A0D9FF3007F4A19 /* UIImageView+UIActivityIndicatorForSDWebImage.m */; };
		ECE6B1841A0DA01D007F4A19 /* UIImage+Scaling.m in Sources */ = {isa = PBXBuildFile; fileRef = ECE6B1831A0DA01D007F4A19 /* UIImage+Scaling.m */; };
		ECE6B1891A0DAA4E007F4A19 /* ImageIO.framework in Frameworks */ = {isa = PBXBuildFile; fileRef = ECE6B1791A0D9C83007F4A19 /* ImageIO.framework */; };
		ECE6B18B1A0DAA54007F4A19 /* MapKit.framework in Frameworks */ = {isa = PBXBuildFile; fileRef = ECE6B18A1A0DAA54007F4A19 /* MapKit.framework */; };
		ECEF94481A832A4F0000A444 /* NSMutableArray+SWUtilityButtons.m in Sources */ = {isa = PBXBuildFile; fileRef = ECEF943D1A832A4F0000A444 /* NSMutableArray+SWUtilityButtons.m */; };
		ECEF94491A832A4F0000A444 /* SWCellScrollView.m in Sources */ = {isa = PBXBuildFile; fileRef = ECEF943F1A832A4F0000A444 /* SWCellScrollView.m */; };
		ECEF944A1A832A4F0000A444 /* SWLongPressGestureRecognizer.m in Sources */ = {isa = PBXBuildFile; fileRef = ECEF94411A832A4F0000A444 /* SWLongPressGestureRecognizer.m */; };
		ECEF944B1A832A4F0000A444 /* SWTableViewCell.m in Sources */ = {isa = PBXBuildFile; fileRef = ECEF94431A832A4F0000A444 /* SWTableViewCell.m */; };
		ECEF944C1A832A4F0000A444 /* SWUtilityButtonTapGestureRecognizer.m in Sources */ = {isa = PBXBuildFile; fileRef = ECEF94451A832A4F0000A444 /* SWUtilityButtonTapGestureRecognizer.m */; };
		ECEF944D1A832A4F0000A444 /* SWUtilityButtonView.m in Sources */ = {isa = PBXBuildFile; fileRef = ECEF94471A832A4F0000A444 /* SWUtilityButtonView.m */; };
		ECF19FB81A76DAF200607E6D /* CaseDetailsEmailViewController.m in Sources */ = {isa = PBXBuildFile; fileRef = ECF19FB71A76DAF200607E6D /* CaseDetailsEmailViewController.m */; };
/* End PBXBuildFile section */

/* Begin PBXFileReference section */
		D318324719D06173003D51A3 /* CaseItem.h */ = {isa = PBXFileReference; fileEncoding = 4; lastKnownFileType = sourcecode.c.h; path = CaseItem.h; sourceTree = "<group>"; };
		D318324819D06173003D51A3 /* CaseItem.m */ = {isa = PBXFileReference; fileEncoding = 4; lastKnownFileType = sourcecode.c.objc; path = CaseItem.m; sourceTree = "<group>"; };
		D318324B19D062ED003D51A3 /* CaseBuilder.h */ = {isa = PBXFileReference; fileEncoding = 4; lastKnownFileType = sourcecode.c.h; path = CaseBuilder.h; sourceTree = "<group>"; };
		D318324C19D062ED003D51A3 /* CaseBuilder.m */ = {isa = PBXFileReference; fileEncoding = 4; lastKnownFileType = sourcecode.c.objc; path = CaseBuilder.m; sourceTree = "<group>"; };
		D318324E19D1828B003D51A3 /* CaseDetailsViewController.h */ = {isa = PBXFileReference; fileEncoding = 4; lastKnownFileType = sourcecode.c.h; path = CaseDetailsViewController.h; sourceTree = "<group>"; };
		D318324F19D1828B003D51A3 /* CaseDetailsViewController.m */ = {isa = PBXFileReference; fileEncoding = 4; lastKnownFileType = sourcecode.c.objc; path = CaseDetailsViewController.m; sourceTree = "<group>"; };
		D31DF2F219CEFC0C00A37725 /* findme.app */ = {isa = PBXFileReference; explicitFileType = wrapper.application; includeInIndex = 0; path = findme.app; sourceTree = BUILT_PRODUCTS_DIR; };
		D31DF2F519CEFC0C00A37725 /* Foundation.framework */ = {isa = PBXFileReference; lastKnownFileType = wrapper.framework; name = Foundation.framework; path = System/Library/Frameworks/Foundation.framework; sourceTree = SDKROOT; };
		D31DF2F719CEFC0C00A37725 /* CoreGraphics.framework */ = {isa = PBXFileReference; lastKnownFileType = wrapper.framework; name = CoreGraphics.framework; path = System/Library/Frameworks/CoreGraphics.framework; sourceTree = SDKROOT; };
		D31DF2F919CEFC0C00A37725 /* UIKit.framework */ = {isa = PBXFileReference; lastKnownFileType = wrapper.framework; name = UIKit.framework; path = System/Library/Frameworks/UIKit.framework; sourceTree = SDKROOT; };
		D31DF2FF19CEFC0C00A37725 /* en */ = {isa = PBXFileReference; lastKnownFileType = text.plist.strings; name = en; path = en.lproj/InfoPlist.strings; sourceTree = "<group>"; };
		D31DF30119CEFC0C00A37725 /* main.m */ = {isa = PBXFileReference; lastKnownFileType = sourcecode.c.objc; path = main.m; sourceTree = "<group>"; };
		D31DF30419CEFC0C00A37725 /* AppDelegate.h */ = {isa = PBXFileReference; lastKnownFileType = sourcecode.c.h; path = AppDelegate.h; sourceTree = "<group>"; };
		D31DF30519CEFC0C00A37725 /* AppDelegate.m */ = {isa = PBXFileReference; lastKnownFileType = sourcecode.c.objc; path = AppDelegate.m; sourceTree = "<group>"; };
		D31DF30819CEFC0C00A37725 /* Base */ = {isa = PBXFileReference; lastKnownFileType = file.storyboard; name = Base; path = Base.lproj/Main_iPhone.storyboard; sourceTree = "<group>"; };
		D31DF30B19CEFC0C00A37725 /* Base */ = {isa = PBXFileReference; lastKnownFileType = file.storyboard; name = Base; path = Base.lproj/Main_iPad.storyboard; sourceTree = "<group>"; };
		D31DF30D19CEFC0C00A37725 /* ViewCasesViewController.h */ = {isa = PBXFileReference; lastKnownFileType = sourcecode.c.h; path = ViewCasesViewController.h; sourceTree = "<group>"; };
		D31DF30E19CEFC0C00A37725 /* ViewCasesViewController.m */ = {isa = PBXFileReference; lastKnownFileType = sourcecode.c.objc; path = ViewCasesViewController.m; sourceTree = "<group>"; };
		D31DF31019CEFC0C00A37725 /* Images.xcassets */ = {isa = PBXFileReference; lastKnownFileType = folder.assetcatalog; path = Images.xcassets; sourceTree = "<group>"; };
		D31DF31F19CEFC0C00A37725 /* findmeInfo.plist */ = {isa = PBXFileReference; lastKnownFileType = text.plist.xml; path = findmeInfo.plist; sourceTree = "<group>"; };
		D31DF32119CEFC0C00A37725 /* en */ = {isa = PBXFileReference; lastKnownFileType = text.plist.strings; name = en; path = en.lproj/InfoPlist.strings; sourceTree = "<group>"; };
		D31DF32319CEFC0C00A37725 /* findMeTests.m */ = {isa = PBXFileReference; lastKnownFileType = sourcecode.c.objc; path = findMeTests.m; sourceTree = "<group>"; };
		D3207AFD19E9B01200085B7C /* MBProgressHUD.h */ = {isa = PBXFileReference; fileEncoding = 4; lastKnownFileType = sourcecode.c.h; path = MBProgressHUD.h; sourceTree = "<group>"; };
		D3207AFE19E9B01200085B7C /* MBProgressHUD.m */ = {isa = PBXFileReference; fileEncoding = 4; lastKnownFileType = sourcecode.c.objc; path = MBProgressHUD.m; sourceTree = "<group>"; };
		D3207B0019E9CBCE00085B7C /* NewPropertyViewController.h */ = {isa = PBXFileReference; fileEncoding = 4; lastKnownFileType = sourcecode.c.h; path = NewPropertyViewController.h; sourceTree = "<group>"; };
		D3207B0119E9CBCE00085B7C /* NewPropertyViewController.m */ = {isa = PBXFileReference; fileEncoding = 4; lastKnownFileType = sourcecode.c.objc; path = NewPropertyViewController.m; sourceTree = "<group>"; };
		D3207B0319E9CF8B00085B7C /* green-checkmark.jpg */ = {isa = PBXFileReference; lastKnownFileType = image.jpeg; path = "green-checkmark.jpg"; sourceTree = "<group>"; };
		D328EF7519DCA99B00838999 /* XMLWriter.h */ = {isa = PBXFileReference; fileEncoding = 4; lastKnownFileType = sourcecode.c.h; path = XMLWriter.h; sourceTree = "<group>"; };
		D328EF7619DCA99B00838999 /* XMLWriter.m */ = {isa = PBXFileReference; fileEncoding = 4; lastKnownFileType = sourcecode.c.objc; path = XMLWriter.m; sourceTree = "<group>"; };
		D3F4573D19F88199000EDF25 /* setProfileViewController.h */ = {isa = PBXFileReference; fileEncoding = 4; lastKnownFileType = sourcecode.c.h; path = setProfileViewController.h; sourceTree = "<group>"; };
		D3F4573E19F88199000EDF25 /* setProfileViewController.m */ = {isa = PBXFileReference; fileEncoding = 4; lastKnownFileType = sourcecode.c.objc; path = setProfileViewController.m; sourceTree = "<group>"; };
		D3F4574019FD920A000EDF25 /* ManButton.png */ = {isa = PBXFileReference; lastKnownFileType = image.png; path = ManButton.png; sourceTree = "<group>"; };
		D3F4574119FD920A000EDF25 /* womanbutton.png */ = {isa = PBXFileReference; lastKnownFileType = image.png; path = womanbutton.png; sourceTree = "<group>"; };
		D3F457451A0026EE000EDF25 /* UIView+Animation.h */ = {isa = PBXFileReference; fileEncoding = 4; lastKnownFileType = sourcecode.c.h; path = "UIView+Animation.h"; sourceTree = "<group>"; };
		D3F457461A0026EE000EDF25 /* UIView+Animation.m */ = {isa = PBXFileReference; fileEncoding = 4; lastKnownFileType = sourcecode.c.objc; path = "UIView+Animation.m"; sourceTree = "<group>"; };
		D3F457481A0031F0000EDF25 /* stockphotowoman1.jpg */ = {isa = PBXFileReference; lastKnownFileType = image.jpeg; path = stockphotowoman1.jpg; sourceTree = "<group>"; };
		D3F4574A1A003772000EDF25 /* stockphotoguy1.jpg */ = {isa = PBXFileReference; lastKnownFileType = image.jpeg; path = stockphotoguy1.jpg; sourceTree = "<group>"; };
		D3FBD12119CF0386008240F5 /* AdSupport.framework */ = {isa = PBXFileReference; lastKnownFileType = wrapper.framework; name = AdSupport.framework; path = System/Library/Frameworks/AdSupport.framework; sourceTree = SDKROOT; };
		D3FBD12319CF0391008240F5 /* Social.framework */ = {isa = PBXFileReference; lastKnownFileType = wrapper.framework; name = Social.framework; path = System/Library/Frameworks/Social.framework; sourceTree = SDKROOT; };
		D3FBD12519CF0399008240F5 /* Accounts.framework */ = {isa = PBXFileReference; lastKnownFileType = wrapper.framework; name = Accounts.framework; path = System/Library/Frameworks/Accounts.framework; sourceTree = SDKROOT; };
		D3FBD12719CF03A2008240F5 /* AudioToolbox.framework */ = {isa = PBXFileReference; lastKnownFileType = wrapper.framework; name = AudioToolbox.framework; path = System/Library/Frameworks/AudioToolbox.framework; sourceTree = SDKROOT; };
		D3FBD12919CF03AB008240F5 /* CFNetwork.framework */ = {isa = PBXFileReference; lastKnownFileType = wrapper.framework; name = CFNetwork.framework; path = System/Library/Frameworks/CFNetwork.framework; sourceTree = SDKROOT; };
		D3FBD12B19CF03B5008240F5 /* CoreLocation.framework */ = {isa = PBXFileReference; lastKnownFileType = wrapper.framework; name = CoreLocation.framework; path = System/Library/Frameworks/CoreLocation.framework; sourceTree = SDKROOT; };
		D3FBD12D19CF03D6008240F5 /* libsqlite3.dylib */ = {isa = PBXFileReference; lastKnownFileType = "compiled.mach-o.dylib"; name = libsqlite3.dylib; path = usr/lib/libsqlite3.dylib; sourceTree = SDKROOT; };
		D3FBD12F19CF03E2008240F5 /* libz.1.1.3.dylib */ = {isa = PBXFileReference; lastKnownFileType = "compiled.mach-o.dylib"; name = libz.1.1.3.dylib; path = usr/lib/libz.1.1.3.dylib; sourceTree = SDKROOT; };
		D3FBD13119CF03EC008240F5 /* MobileCoreServices.framework */ = {isa = PBXFileReference; lastKnownFileType = wrapper.framework; name = MobileCoreServices.framework; path = System/Library/Frameworks/MobileCoreServices.framework; sourceTree = SDKROOT; };
		D3FBD13319CF0411008240F5 /* QuartzCore.framework */ = {isa = PBXFileReference; lastKnownFileType = wrapper.framework; name = QuartzCore.framework; path = System/Library/Frameworks/QuartzCore.framework; sourceTree = SDKROOT; };
		D3FBD13519CF0419008240F5 /* Security.framework */ = {isa = PBXFileReference; lastKnownFileType = wrapper.framework; name = Security.framework; path = System/Library/Frameworks/Security.framework; sourceTree = SDKROOT; };
		D3FBD13719CF0423008240F5 /* StoreKit.framework */ = {isa = PBXFileReference; lastKnownFileType = wrapper.framework; name = StoreKit.framework; path = System/Library/Frameworks/StoreKit.framework; sourceTree = SDKROOT; };
		D3FBD13919CF042E008240F5 /* SystemConfiguration.framework */ = {isa = PBXFileReference; lastKnownFileType = wrapper.framework; name = SystemConfiguration.framework; path = System/Library/Frameworks/SystemConfiguration.framework; sourceTree = SDKROOT; };
		D3FBD13B19D0505D008240F5 /* Case.h */ = {isa = PBXFileReference; fileEncoding = 4; lastKnownFileType = sourcecode.c.h; path = Case.h; sourceTree = "<group>"; };
		D3FBD13C19D0505D008240F5 /* Case.m */ = {isa = PBXFileReference; fileEncoding = 4; lastKnownFileType = sourcecode.c.objc; path = Case.m; sourceTree = "<group>"; };
		EC0822CF1A0EE7F0000B6684 /* MKAnnotationView+WebCache.h */ = {isa = PBXFileReference; fileEncoding = 4; lastKnownFileType = sourcecode.c.h; path = "MKAnnotationView+WebCache.h"; sourceTree = "<group>"; };
		EC0822D01A0EE7F0000B6684 /* MKAnnotationView+WebCache.m */ = {isa = PBXFileReference; fileEncoding = 4; lastKnownFileType = sourcecode.c.objc; path = "MKAnnotationView+WebCache.m"; sourceTree = "<group>"; };
		EC0822D11A0EE7F0000B6684 /* NSData+ImageContentType.h */ = {isa = PBXFileReference; fileEncoding = 4; lastKnownFileType = sourcecode.c.h; path = "NSData+ImageContentType.h"; sourceTree = "<group>"; };
		EC0822D21A0EE7F0000B6684 /* NSData+ImageContentType.m */ = {isa = PBXFileReference; fileEncoding = 4; lastKnownFileType = sourcecode.c.objc; path = "NSData+ImageContentType.m"; sourceTree = "<group>"; };
		EC0822D31A0EE7F0000B6684 /* SDImageCache.h */ = {isa = PBXFileReference; fileEncoding = 4; lastKnownFileType = sourcecode.c.h; path = SDImageCache.h; sourceTree = "<group>"; };
		EC0822D41A0EE7F0000B6684 /* SDImageCache.m */ = {isa = PBXFileReference; fileEncoding = 4; lastKnownFileType = sourcecode.c.objc; path = SDImageCache.m; sourceTree = "<group>"; };
		EC0822D51A0EE7F0000B6684 /* SDWebImageCompat.h */ = {isa = PBXFileReference; fileEncoding = 4; lastKnownFileType = sourcecode.c.h; path = SDWebImageCompat.h; sourceTree = "<group>"; };
		EC0822D61A0EE7F0000B6684 /* SDWebImageCompat.m */ = {isa = PBXFileReference; fileEncoding = 4; lastKnownFileType = sourcecode.c.objc; path = SDWebImageCompat.m; sourceTree = "<group>"; };
		EC0822D71A0EE7F0000B6684 /* SDWebImageDecoder.h */ = {isa = PBXFileReference; fileEncoding = 4; lastKnownFileType = sourcecode.c.h; path = SDWebImageDecoder.h; sourceTree = "<group>"; };
		EC0822D81A0EE7F0000B6684 /* SDWebImageDecoder.m */ = {isa = PBXFileReference; fileEncoding = 4; lastKnownFileType = sourcecode.c.objc; path = SDWebImageDecoder.m; sourceTree = "<group>"; };
		EC0822D91A0EE7F0000B6684 /* SDWebImageDownloader.h */ = {isa = PBXFileReference; fileEncoding = 4; lastKnownFileType = sourcecode.c.h; path = SDWebImageDownloader.h; sourceTree = "<group>"; };
		EC0822DA1A0EE7F0000B6684 /* SDWebImageDownloader.m */ = {isa = PBXFileReference; fileEncoding = 4; lastKnownFileType = sourcecode.c.objc; path = SDWebImageDownloader.m; sourceTree = "<group>"; };
		EC0822DB1A0EE7F0000B6684 /* SDWebImageDownloaderOperation.h */ = {isa = PBXFileReference; fileEncoding = 4; lastKnownFileType = sourcecode.c.h; path = SDWebImageDownloaderOperation.h; sourceTree = "<group>"; };
		EC0822DC1A0EE7F0000B6684 /* SDWebImageDownloaderOperation.m */ = {isa = PBXFileReference; fileEncoding = 4; lastKnownFileType = sourcecode.c.objc; path = SDWebImageDownloaderOperation.m; sourceTree = "<group>"; };
		EC0822DD1A0EE7F0000B6684 /* SDWebImageManager.h */ = {isa = PBXFileReference; fileEncoding = 4; lastKnownFileType = sourcecode.c.h; path = SDWebImageManager.h; sourceTree = "<group>"; };
		EC0822DE1A0EE7F0000B6684 /* SDWebImageManager.m */ = {isa = PBXFileReference; fileEncoding = 4; lastKnownFileType = sourcecode.c.objc; path = SDWebImageManager.m; sourceTree = "<group>"; };
		EC0822DF1A0EE7F0000B6684 /* SDWebImageOperation.h */ = {isa = PBXFileReference; fileEncoding = 4; lastKnownFileType = sourcecode.c.h; path = SDWebImageOperation.h; sourceTree = "<group>"; };
		EC0822E01A0EE7F0000B6684 /* SDWebImagePrefetcher.h */ = {isa = PBXFileReference; fileEncoding = 4; lastKnownFileType = sourcecode.c.h; path = SDWebImagePrefetcher.h; sourceTree = "<group>"; };
		EC0822E11A0EE7F0000B6684 /* SDWebImagePrefetcher.m */ = {isa = PBXFileReference; fileEncoding = 4; lastKnownFileType = sourcecode.c.objc; path = SDWebImagePrefetcher.m; sourceTree = "<group>"; };
		EC0822E21A0EE7F0000B6684 /* UIButton+WebCache.h */ = {isa = PBXFileReference; fileEncoding = 4; lastKnownFileType = sourcecode.c.h; path = "UIButton+WebCache.h"; sourceTree = "<group>"; };
		EC0822E31A0EE7F0000B6684 /* UIButton+WebCache.m */ = {isa = PBXFileReference; fileEncoding = 4; lastKnownFileType = sourcecode.c.objc; path = "UIButton+WebCache.m"; sourceTree = "<group>"; };
		EC0822E41A0EE7F0000B6684 /* UIImage+GIF.h */ = {isa = PBXFileReference; fileEncoding = 4; lastKnownFileType = sourcecode.c.h; path = "UIImage+GIF.h"; sourceTree = "<group>"; };
		EC0822E51A0EE7F0000B6684 /* UIImage+GIF.m */ = {isa = PBXFileReference; fileEncoding = 4; lastKnownFileType = sourcecode.c.objc; path = "UIImage+GIF.m"; sourceTree = "<group>"; };
		EC0822E61A0EE7F0000B6684 /* UIImage+MultiFormat.h */ = {isa = PBXFileReference; fileEncoding = 4; lastKnownFileType = sourcecode.c.h; path = "UIImage+MultiFormat.h"; sourceTree = "<group>"; };
		EC0822E71A0EE7F0000B6684 /* UIImage+MultiFormat.m */ = {isa = PBXFileReference; fileEncoding = 4; lastKnownFileType = sourcecode.c.objc; path = "UIImage+MultiFormat.m"; sourceTree = "<group>"; };
		EC0822E81A0EE7F0000B6684 /* UIImage+WebP.h */ = {isa = PBXFileReference; fileEncoding = 4; lastKnownFileType = sourcecode.c.h; path = "UIImage+WebP.h"; sourceTree = "<group>"; };
		EC0822E91A0EE7F0000B6684 /* UIImage+WebP.m */ = {isa = PBXFileReference; fileEncoding = 4; lastKnownFileType = sourcecode.c.objc; path = "UIImage+WebP.m"; sourceTree = "<group>"; };
		EC0822EA1A0EE7F0000B6684 /* UIImageView+HighlightedWebCache.h */ = {isa = PBXFileReference; fileEncoding = 4; lastKnownFileType = sourcecode.c.h; path = "UIImageView+HighlightedWebCache.h"; sourceTree = "<group>"; };
		EC0822EB1A0EE7F0000B6684 /* UIImageView+HighlightedWebCache.m */ = {isa = PBXFileReference; fileEncoding = 4; lastKnownFileType = sourcecode.c.objc; path = "UIImageView+HighlightedWebCache.m"; sourceTree = "<group>"; };
		EC0822EC1A0EE7F0000B6684 /* UIImageView+WebCache.h */ = {isa = PBXFileReference; fileEncoding = 4; lastKnownFileType = sourcecode.c.h; path = "UIImageView+WebCache.h"; sourceTree = "<group>"; };
		EC0822ED1A0EE7F0000B6684 /* UIImageView+WebCache.m */ = {isa = PBXFileReference; fileEncoding = 4; lastKnownFileType = sourcecode.c.objc; path = "UIImageView+WebCache.m"; sourceTree = "<group>"; };
		EC0822EE1A0EE7F0000B6684 /* UIView+WebCacheOperation.h */ = {isa = PBXFileReference; fileEncoding = 4; lastKnownFileType = sourcecode.c.h; path = "UIView+WebCacheOperation.h"; sourceTree = "<group>"; };
		EC0822EF1A0EE7F0000B6684 /* UIView+WebCacheOperation.m */ = {isa = PBXFileReference; fileEncoding = 4; lastKnownFileType = sourcecode.c.objc; path = "UIView+WebCacheOperation.m"; sourceTree = "<group>"; };
		EC0823001A18689C000B6684 /* cityLightsBG.jpg */ = {isa = PBXFileReference; lastKnownFileType = image.jpeg; path = cityLightsBG.jpg; sourceTree = "<group>"; };
		EC0823021A186B13000B6684 /* HomePageViewController.h */ = {isa = PBXFileReference; fileEncoding = 4; lastKnownFileType = sourcecode.c.h; name = HomePageViewController.h; path = ../HomePageViewController.h; sourceTree = "<group>"; };
		EC0823031A186B13000B6684 /* HomePageViewController.m */ = {isa = PBXFileReference; fileEncoding = 4; lastKnownFileType = sourcecode.c.objc; name = HomePageViewController.m; path = ../HomePageViewController.m; sourceTree = "<group>"; };
		EC9F51DA1A2AC53B00CFED6E /* longexposurestreetlights.jpeg */ = {isa = PBXFileReference; lastKnownFileType = image.jpeg; path = longexposurestreetlights.jpeg; sourceTree = "<group>"; };
		EC9F51DC1A2AC63F00CFED6E /* gaussianblur.jpg */ = {isa = PBXFileReference; lastKnownFileType = image.jpeg; path = gaussianblur.jpg; sourceTree = "<group>"; };
		EC9F51DE1A2AC68B00CFED6E /* blurredlights.jpg */ = {isa = PBXFileReference; lastKnownFileType = image.jpeg; path = blurredlights.jpg; sourceTree = "<group>"; };
		ECB1D50F1A7748B5008CC684 /* popupViewController.h */ = {isa = PBXFileReference; fileEncoding = 4; lastKnownFileType = sourcecode.c.h; path = popupViewController.h; sourceTree = "<group>"; };
		ECB1D5101A7748B5008CC684 /* popupViewController.m */ = {isa = PBXFileReference; fileEncoding = 4; lastKnownFileType = sourcecode.c.objc; path = popupViewController.m; sourceTree = "<group>"; };
		ECE6B1621A069AC3007F4A19 /* Bolts.framework */ = {isa = PBXFileReference; lastKnownFileType = wrapper.framework; name = Bolts.framework; path = findMe/Bolts.framework; sourceTree = "<group>"; };
		ECE6B1661A069B69007F4A19 /* Parse.framework */ = {isa = PBXFileReference; lastKnownFileType = wrapper.framework; name = Parse.framework; path = findMe/Parse.framework; sourceTree = "<group>"; };
		ECE6B1681A069C1D007F4A19 /* findme-Prefix.pch */ = {isa = PBXFileReference; fileEncoding = 4; lastKnownFileType = sourcecode.c.h; path = "findme-Prefix.pch"; sourceTree = "<group>"; };
		ECE6B1691A069C1D007F4A19 /* findmeInfo.plist */ = {isa = PBXFileReference; fileEncoding = 4; lastKnownFileType = text.plist.xml; path = findmeInfo.plist; sourceTree = "<group>"; };
		ECE6B16B1A069DAB007F4A19 /* stockphotowoman2.jpg */ = {isa = PBXFileReference; lastKnownFileType = image.jpeg; path = stockphotowoman2.jpg; sourceTree = "<group>"; };
		ECE6B16D1A06AD0E007F4A19 /* sawyousubway.jpg */ = {isa = PBXFileReference; lastKnownFileType = image.jpeg; path = sawyousubway.jpg; sourceTree = "<group>"; };
		ECE6B16F1A06B8A9007F4A19 /* alwaysloveyou.png */ = {isa = PBXFileReference; lastKnownFileType = image.png; path = alwaysloveyou.png; sourceTree = "<group>"; };
		ECE6B1701A06B8A9007F4A19 /* thinkingaboutyou.jpg */ = {isa = PBXFileReference; lastKnownFileType = image.jpeg; path = thinkingaboutyou.jpg; sourceTree = "<group>"; };
		ECE6B1741A0D8AE5007F4A19 /* newCaseViewController.h */ = {isa = PBXFileReference; fileEncoding = 4; lastKnownFileType = sourcecode.c.h; name = newCaseViewController.h; path = ../newCaseViewController.h; sourceTree = "<group>"; };
		ECE6B1751A0D8AE5007F4A19 /* newCaseViewController.m */ = {isa = PBXFileReference; fileEncoding = 4; lastKnownFileType = sourcecode.c.objc; name = newCaseViewController.m; path = ../newCaseViewController.m; sourceTree = "<group>"; };
		ECE6B1791A0D9C83007F4A19 /* ImageIO.framework */ = {isa = PBXFileReference; lastKnownFileType = wrapper.framework; name = ImageIO.framework; path = System/Library/Frameworks/ImageIO.framework; sourceTree = SDKROOT; };
		ECE6B17C1A0D9FF3007F4A19 /* UIImageView+Scaling.h */ = {isa = PBXFileReference; fileEncoding = 4; lastKnownFileType = sourcecode.c.h; path = "UIImageView+Scaling.h"; sourceTree = "<group>"; };
		ECE6B17D1A0D9FF3007F4A19 /* UIImageView+Scaling.m */ = {isa = PBXFileReference; fileEncoding = 4; lastKnownFileType = sourcecode.c.objc; path = "UIImageView+Scaling.m"; sourceTree = "<group>"; };
		ECE6B17E1A0D9FF3007F4A19 /* UIImageView+UIActivityIndicatorForSDWebImage.h */ = {isa = PBXFileReference; fileEncoding = 4; lastKnownFileType = sourcecode.c.h; path = "UIImageView+UIActivityIndicatorForSDWebImage.h"; sourceTree = "<group>"; };
		ECE6B17F1A0D9FF3007F4A19 /* UIImageView+UIActivityIndicatorForSDWebImage.m */ = {isa = PBXFileReference; fileEncoding = 4; lastKnownFileType = sourcecode.c.objc; path = "UIImageView+UIActivityIndicatorForSDWebImage.m"; sourceTree = "<group>"; };
		ECE6B1821A0DA01D007F4A19 /* UIImage+Scaling.h */ = {isa = PBXFileReference; fileEncoding = 4; lastKnownFileType = sourcecode.c.h; path = "UIImage+Scaling.h"; sourceTree = "<group>"; };
		ECE6B1831A0DA01D007F4A19 /* UIImage+Scaling.m */ = {isa = PBXFileReference; fileEncoding = 4; lastKnownFileType = sourcecode.c.objc; path = "UIImage+Scaling.m"; sourceTree = "<group>"; };
		ECE6B18A1A0DAA54007F4A19 /* MapKit.framework */ = {isa = PBXFileReference; lastKnownFileType = wrapper.framework; name = MapKit.framework; path = System/Library/Frameworks/MapKit.framework; sourceTree = SDKROOT; };
		ECEF943C1A832A4F0000A444 /* NSMutableArray+SWUtilityButtons.h */ = {isa = PBXFileReference; fileEncoding = 4; lastKnownFileType = sourcecode.c.h; path = "NSMutableArray+SWUtilityButtons.h"; sourceTree = "<group>"; };
		ECEF943D1A832A4F0000A444 /* NSMutableArray+SWUtilityButtons.m */ = {isa = PBXFileReference; fileEncoding = 4; lastKnownFileType = sourcecode.c.objc; path = "NSMutableArray+SWUtilityButtons.m"; sourceTree = "<group>"; };
		ECEF943E1A832A4F0000A444 /* SWCellScrollView.h */ = {isa = PBXFileReference; fileEncoding = 4; lastKnownFileType = sourcecode.c.h; path = SWCellScrollView.h; sourceTree = "<group>"; };
		ECEF943F1A832A4F0000A444 /* SWCellScrollView.m */ = {isa = PBXFileReference; fileEncoding = 4; lastKnownFileType = sourcecode.c.objc; path = SWCellScrollView.m; sourceTree = "<group>"; };
		ECEF94401A832A4F0000A444 /* SWLongPressGestureRecognizer.h */ = {isa = PBXFileReference; fileEncoding = 4; lastKnownFileType = sourcecode.c.h; path = SWLongPressGestureRecognizer.h; sourceTree = "<group>"; };
		ECEF94411A832A4F0000A444 /* SWLongPressGestureRecognizer.m */ = {isa = PBXFileReference; fileEncoding = 4; lastKnownFileType = sourcecode.c.objc; path = SWLongPressGestureRecognizer.m; sourceTree = "<group>"; };
		ECEF94421A832A4F0000A444 /* SWTableViewCell.h */ = {isa = PBXFileReference; fileEncoding = 4; lastKnownFileType = sourcecode.c.h; path = SWTableViewCell.h; sourceTree = "<group>"; };
		ECEF94431A832A4F0000A444 /* SWTableViewCell.m */ = {isa = PBXFileReference; fileEncoding = 4; lastKnownFileType = sourcecode.c.objc; path = SWTableViewCell.m; sourceTree = "<group>"; };
		ECEF94441A832A4F0000A444 /* SWUtilityButtonTapGestureRecognizer.h */ = {isa = PBXFileReference; fileEncoding = 4; lastKnownFileType = sourcecode.c.h; path = SWUtilityButtonTapGestureRecognizer.h; sourceTree = "<group>"; };
		ECEF94451A832A4F0000A444 /* SWUtilityButtonTapGestureRecognizer.m */ = {isa = PBXFileReference; fileEncoding = 4; lastKnownFileType = sourcecode.c.objc; path = SWUtilityButtonTapGestureRecognizer.m; sourceTree = "<group>"; };
		ECEF94461A832A4F0000A444 /* SWUtilityButtonView.h */ = {isa = PBXFileReference; fileEncoding = 4; lastKnownFileType = sourcecode.c.h; path = SWUtilityButtonView.h; sourceTree = "<group>"; };
		ECEF94471A832A4F0000A444 /* SWUtilityButtonView.m */ = {isa = PBXFileReference; fileEncoding = 4; lastKnownFileType = sourcecode.c.objc; path = SWUtilityButtonView.m; sourceTree = "<group>"; };
		ECF19FB61A76DAF200607E6D /* CaseDetailsEmailViewController.h */ = {isa = PBXFileReference; fileEncoding = 4; lastKnownFileType = sourcecode.c.h; name = CaseDetailsEmailViewController.h; path = ../CaseDetailsEmailViewController.h; sourceTree = "<group>"; };
		ECF19FB71A76DAF200607E6D /* CaseDetailsEmailViewController.m */ = {isa = PBXFileReference; fileEncoding = 4; lastKnownFileType = sourcecode.c.objc; name = CaseDetailsEmailViewController.m; path = ../CaseDetailsEmailViewController.m; sourceTree = "<group>"; };
/* End PBXFileReference section */

/* Begin PBXFrameworksBuildPhase section */
		D31DF2EF19CEFC0C00A37725 /* Frameworks */ = {
			isa = PBXFrameworksBuildPhase;
			buildActionMask = 2147483647;
			files = (
				ECE6B18B1A0DAA54007F4A19 /* MapKit.framework in Frameworks */,
				ECE6B1891A0DAA4E007F4A19 /* ImageIO.framework in Frameworks */,
				ECE6B1671A069B69007F4A19 /* Parse.framework in Frameworks */,
				ECE6B1631A069AC3007F4A19 /* Bolts.framework in Frameworks */,
				D3FBD13A19CF042F008240F5 /* SystemConfiguration.framework in Frameworks */,
				D3FBD13819CF0424008240F5 /* StoreKit.framework in Frameworks */,
				D3FBD13619CF0419008240F5 /* Security.framework in Frameworks */,
				D3FBD13419CF0411008240F5 /* QuartzCore.framework in Frameworks */,
				D3FBD13219CF03EC008240F5 /* MobileCoreServices.framework in Frameworks */,
				D3FBD13019CF03E2008240F5 /* libz.1.1.3.dylib in Frameworks */,
				D3FBD12E19CF03D6008240F5 /* libsqlite3.dylib in Frameworks */,
				D31DF2F619CEFC0C00A37725 /* Foundation.framework in Frameworks */,
				D3FBD12C19CF03B5008240F5 /* CoreLocation.framework in Frameworks */,
				D3FBD12A19CF03AB008240F5 /* CFNetwork.framework in Frameworks */,
				D3FBD12819CF03A2008240F5 /* AudioToolbox.framework in Frameworks */,
				D3FBD12619CF0399008240F5 /* Accounts.framework in Frameworks */,
				D3FBD12419CF0391008240F5 /* Social.framework in Frameworks */,
				D3FBD12219CF0386008240F5 /* AdSupport.framework in Frameworks */,
				D31DF2F819CEFC0C00A37725 /* CoreGraphics.framework in Frameworks */,
				D31DF2FA19CEFC0C00A37725 /* UIKit.framework in Frameworks */,
			);
			runOnlyForDeploymentPostprocessing = 0;
		};
/* End PBXFrameworksBuildPhase section */

/* Begin PBXGroup section */
		D31DF2E919CEFC0C00A37725 = {
			isa = PBXGroup;
			children = (
				EC0822CE1A0EE7F0000B6684 /* SDWebImage */,
				D31DF2FB19CEFC0C00A37725 /* findMe */,
				D31DF31D19CEFC0C00A37725 /* findMeTests */,
				D31DF2F419CEFC0C00A37725 /* Frameworks */,
				D31DF2F319CEFC0C00A37725 /* Products */,
			);
			sourceTree = "<group>";
		};
		D31DF2F319CEFC0C00A37725 /* Products */ = {
			isa = PBXGroup;
			children = (
				D31DF2F219CEFC0C00A37725 /* findme.app */,
			);
			name = Products;
			sourceTree = "<group>";
		};
		D31DF2F419CEFC0C00A37725 /* Frameworks */ = {
			isa = PBXGroup;
			children = (
				ECE6B18A1A0DAA54007F4A19 /* MapKit.framework */,
				ECE6B1791A0D9C83007F4A19 /* ImageIO.framework */,
				ECE6B1661A069B69007F4A19 /* Parse.framework */,
				ECE6B1621A069AC3007F4A19 /* Bolts.framework */,
				D3FBD13919CF042E008240F5 /* SystemConfiguration.framework */,
				D3FBD13719CF0423008240F5 /* StoreKit.framework */,
				D3FBD13519CF0419008240F5 /* Security.framework */,
				D3FBD13319CF0411008240F5 /* QuartzCore.framework */,
				D3FBD13119CF03EC008240F5 /* MobileCoreServices.framework */,
				D3FBD12F19CF03E2008240F5 /* libz.1.1.3.dylib */,
				D3FBD12D19CF03D6008240F5 /* libsqlite3.dylib */,
				D3FBD12B19CF03B5008240F5 /* CoreLocation.framework */,
				D3FBD12919CF03AB008240F5 /* CFNetwork.framework */,
				D3FBD12719CF03A2008240F5 /* AudioToolbox.framework */,
				D3FBD12519CF0399008240F5 /* Accounts.framework */,
				D3FBD12319CF0391008240F5 /* Social.framework */,
				D3FBD12119CF0386008240F5 /* AdSupport.framework */,
				D31DF2F519CEFC0C00A37725 /* Foundation.framework */,
				D31DF2F719CEFC0C00A37725 /* CoreGraphics.framework */,
				D31DF2F919CEFC0C00A37725 /* UIKit.framework */,
			);
			name = Frameworks;
			sourceTree = "<group>";
		};
		D31DF2FB19CEFC0C00A37725 /* findMe */ = {
			isa = PBXGroup;
			children = (
				ECEF943B1A832A1E0000A444 /* swipableTableViewCells */,
				ECE6B17B1A0D9FAB007F4A19 /* commonControls */,
				D3F4574419FD9215000EDF25 /* imageAssets */,
				D3207AFC19E9AFE800085B7C /* progressHUD */,
				D328EF7419DCA8A400838999 /* xmlWriting */,
				D3FBD13E19D05062008240F5 /* JSON Parsing */,
				D31DF30419CEFC0C00A37725 /* AppDelegate.h */,
				D31DF30519CEFC0C00A37725 /* AppDelegate.m */,
				D31DF30719CEFC0C00A37725 /* Main_iPhone.storyboard */,
				ECB1D50F1A7748B5008CC684 /* popupViewController.h */,
				ECB1D5101A7748B5008CC684 /* popupViewController.m */,
				D31DF30A19CEFC0C00A37725 /* Main_iPad.storyboard */,
				D31DF30D19CEFC0C00A37725 /* ViewCasesViewController.h */,
				D31DF30E19CEFC0C00A37725 /* ViewCasesViewController.m */,
				EC0823021A186B13000B6684 /* HomePageViewController.h */,
				EC0823031A186B13000B6684 /* HomePageViewController.m */,
				ECE6B1741A0D8AE5007F4A19 /* newCaseViewController.h */,
				ECE6B1751A0D8AE5007F4A19 /* newCaseViewController.m */,
				D318324E19D1828B003D51A3 /* CaseDetailsViewController.h */,
				D318324F19D1828B003D51A3 /* CaseDetailsViewController.m */,
				ECF19FB61A76DAF200607E6D /* CaseDetailsEmailViewController.h */,
				ECF19FB71A76DAF200607E6D /* CaseDetailsEmailViewController.m */,
				D3207B0019E9CBCE00085B7C /* NewPropertyViewController.h */,
				D3207B0119E9CBCE00085B7C /* NewPropertyViewController.m */,
				D3F4573D19F88199000EDF25 /* setProfileViewController.h */,
				D3F4573E19F88199000EDF25 /* setProfileViewController.m */,
				D3207B0319E9CF8B00085B7C /* green-checkmark.jpg */,
				D31DF31019CEFC0C00A37725 /* Images.xcassets */,
				D31DF2FC19CEFC0C00A37725 /* Supporting Files */,
			);
			path = findMe;
			sourceTree = "<group>";
		};
		D31DF2FC19CEFC0C00A37725 /* Supporting Files */ = {
			isa = PBXGroup;
			children = (
				ECE6B1681A069C1D007F4A19 /* findme-Prefix.pch */,
				ECE6B1691A069C1D007F4A19 /* findmeInfo.plist */,
				D31DF2FE19CEFC0C00A37725 /* InfoPlist.strings */,
				D31DF30119CEFC0C00A37725 /* main.m */,
			);
			name = "Supporting Files";
			sourceTree = "<group>";
		};
		D31DF31D19CEFC0C00A37725 /* findMeTests */ = {
			isa = PBXGroup;
			children = (
				D31DF32319CEFC0C00A37725 /* findMeTests.m */,
				D31DF31E19CEFC0C00A37725 /* Supporting Files */,
			);
			path = findMeTests;
			sourceTree = "<group>";
		};
		D31DF31E19CEFC0C00A37725 /* Supporting Files */ = {
			isa = PBXGroup;
			children = (
				D31DF31F19CEFC0C00A37725 /* findmeInfo.plist */,
				D31DF32019CEFC0C00A37725 /* InfoPlist.strings */,
			);
			name = "Supporting Files";
			sourceTree = "<group>";
		};
		D3207AFC19E9AFE800085B7C /* progressHUD */ = {
			isa = PBXGroup;
			children = (
				D3207AFD19E9B01200085B7C /* MBProgressHUD.h */,
				D3207AFE19E9B01200085B7C /* MBProgressHUD.m */,
			);
			name = progressHUD;
			sourceTree = "<group>";
		};
		D328EF7419DCA8A400838999 /* xmlWriting */ = {
			isa = PBXGroup;
			children = (
				D328EF7519DCA99B00838999 /* XMLWriter.h */,
				D328EF7619DCA99B00838999 /* XMLWriter.m */,
			);
			name = xmlWriting;
			sourceTree = "<group>";
		};
		D3F4574419FD9215000EDF25 /* imageAssets */ = {
			isa = PBXGroup;
			children = (
				EC9F51DE1A2AC68B00CFED6E /* blurredlights.jpg */,
				EC9F51DC1A2AC63F00CFED6E /* gaussianblur.jpg */,
				EC9F51DA1A2AC53B00CFED6E /* longexposurestreetlights.jpeg */,
				EC0823001A18689C000B6684 /* cityLightsBG.jpg */,
				ECE6B16D1A06AD0E007F4A19 /* sawyousubway.jpg */,
				ECE6B16F1A06B8A9007F4A19 /* alwaysloveyou.png */,
				ECE6B1701A06B8A9007F4A19 /* thinkingaboutyou.jpg */,
				ECE6B16B1A069DAB007F4A19 /* stockphotowoman2.jpg */,
				D3F4574019FD920A000EDF25 /* ManButton.png */,
				D3F4574119FD920A000EDF25 /* womanbutton.png */,
				D3F457481A0031F0000EDF25 /* stockphotowoman1.jpg */,
				D3F4574A1A003772000EDF25 /* stockphotoguy1.jpg */,
			);
			name = imageAssets;
			sourceTree = "<group>";
		};
		D3FBD13E19D05062008240F5 /* JSON Parsing */ = {
			isa = PBXGroup;
			children = (
				D3FBD13B19D0505D008240F5 /* Case.h */,
				D3FBD13C19D0505D008240F5 /* Case.m */,
				D318324B19D062ED003D51A3 /* CaseBuilder.h */,
				D318324C19D062ED003D51A3 /* CaseBuilder.m */,
				D318324719D06173003D51A3 /* CaseItem.h */,
				D318324819D06173003D51A3 /* CaseItem.m */,
			);
			name = "JSON Parsing";
			sourceTree = "<group>";
		};
		EC0822CE1A0EE7F0000B6684 /* SDWebImage */ = {
			isa = PBXGroup;
			children = (
				EC0822CF1A0EE7F0000B6684 /* MKAnnotationView+WebCache.h */,
				EC0822D01A0EE7F0000B6684 /* MKAnnotationView+WebCache.m */,
				EC0822D11A0EE7F0000B6684 /* NSData+ImageContentType.h */,
				EC0822D21A0EE7F0000B6684 /* NSData+ImageContentType.m */,
				EC0822D31A0EE7F0000B6684 /* SDImageCache.h */,
				EC0822D41A0EE7F0000B6684 /* SDImageCache.m */,
				EC0822D51A0EE7F0000B6684 /* SDWebImageCompat.h */,
				EC0822D61A0EE7F0000B6684 /* SDWebImageCompat.m */,
				EC0822D71A0EE7F0000B6684 /* SDWebImageDecoder.h */,
				EC0822D81A0EE7F0000B6684 /* SDWebImageDecoder.m */,
				EC0822D91A0EE7F0000B6684 /* SDWebImageDownloader.h */,
				EC0822DA1A0EE7F0000B6684 /* SDWebImageDownloader.m */,
				EC0822DB1A0EE7F0000B6684 /* SDWebImageDownloaderOperation.h */,
				EC0822DC1A0EE7F0000B6684 /* SDWebImageDownloaderOperation.m */,
				EC0822DD1A0EE7F0000B6684 /* SDWebImageManager.h */,
				EC0822DE1A0EE7F0000B6684 /* SDWebImageManager.m */,
				EC0822DF1A0EE7F0000B6684 /* SDWebImageOperation.h */,
				EC0822E01A0EE7F0000B6684 /* SDWebImagePrefetcher.h */,
				EC0822E11A0EE7F0000B6684 /* SDWebImagePrefetcher.m */,
				EC0822E21A0EE7F0000B6684 /* UIButton+WebCache.h */,
				EC0822E31A0EE7F0000B6684 /* UIButton+WebCache.m */,
				EC0822E41A0EE7F0000B6684 /* UIImage+GIF.h */,
				EC0822E51A0EE7F0000B6684 /* UIImage+GIF.m */,
				EC0822E61A0EE7F0000B6684 /* UIImage+MultiFormat.h */,
				EC0822E71A0EE7F0000B6684 /* UIImage+MultiFormat.m */,
				EC0822E81A0EE7F0000B6684 /* UIImage+WebP.h */,
				EC0822E91A0EE7F0000B6684 /* UIImage+WebP.m */,
				EC0822EA1A0EE7F0000B6684 /* UIImageView+HighlightedWebCache.h */,
				EC0822EB1A0EE7F0000B6684 /* UIImageView+HighlightedWebCache.m */,
				EC0822EC1A0EE7F0000B6684 /* UIImageView+WebCache.h */,
				EC0822ED1A0EE7F0000B6684 /* UIImageView+WebCache.m */,
				EC0822EE1A0EE7F0000B6684 /* UIView+WebCacheOperation.h */,
				EC0822EF1A0EE7F0000B6684 /* UIView+WebCacheOperation.m */,
			);
			path = SDWebImage;
			sourceTree = "<group>";
		};
		ECE6B17B1A0D9FAB007F4A19 /* commonControls */ = {
			isa = PBXGroup;
			children = (
				ECE6B1821A0DA01D007F4A19 /* UIImage+Scaling.h */,
				ECE6B1831A0DA01D007F4A19 /* UIImage+Scaling.m */,
				ECE6B17C1A0D9FF3007F4A19 /* UIImageView+Scaling.h */,
				ECE6B17D1A0D9FF3007F4A19 /* UIImageView+Scaling.m */,
				ECE6B17E1A0D9FF3007F4A19 /* UIImageView+UIActivityIndicatorForSDWebImage.h */,
				ECE6B17F1A0D9FF3007F4A19 /* UIImageView+UIActivityIndicatorForSDWebImage.m */,
				D3F457451A0026EE000EDF25 /* UIView+Animation.h */,
				D3F457461A0026EE000EDF25 /* UIView+Animation.m */,
			);
			name = commonControls;
			sourceTree = "<group>";
		};
		ECEF943B1A832A1E0000A444 /* swipableTableViewCells */ = {
			isa = PBXGroup;
			children = (
				ECEF943C1A832A4F0000A444 /* NSMutableArray+SWUtilityButtons.h */,
				ECEF943D1A832A4F0000A444 /* NSMutableArray+SWUtilityButtons.m */,
				ECEF943E1A832A4F0000A444 /* SWCellScrollView.h */,
				ECEF943F1A832A4F0000A444 /* SWCellScrollView.m */,
				ECEF94401A832A4F0000A444 /* SWLongPressGestureRecognizer.h */,
				ECEF94411A832A4F0000A444 /* SWLongPressGestureRecognizer.m */,
				ECEF94421A832A4F0000A444 /* SWTableViewCell.h */,
				ECEF94431A832A4F0000A444 /* SWTableViewCell.m */,
				ECEF94441A832A4F0000A444 /* SWUtilityButtonTapGestureRecognizer.h */,
				ECEF94451A832A4F0000A444 /* SWUtilityButtonTapGestureRecognizer.m */,
				ECEF94461A832A4F0000A444 /* SWUtilityButtonView.h */,
				ECEF94471A832A4F0000A444 /* SWUtilityButtonView.m */,
			);
			name = swipableTableViewCells;
			sourceTree = "<group>";
		};
/* End PBXGroup section */

/* Begin PBXNativeTarget section */
		D31DF2F119CEFC0C00A37725 /* findme */ = {
			isa = PBXNativeTarget;
			buildConfigurationList = D31DF32719CEFC0C00A37725 /* Build configuration list for PBXNativeTarget "findme" */;
			buildPhases = (
				D31DF2EE19CEFC0C00A37725 /* Sources */,
				D31DF2EF19CEFC0C00A37725 /* Frameworks */,
				D31DF2F019CEFC0C00A37725 /* Resources */,
			);
			buildRules = (
			);
			dependencies = (
			);
			name = findme;
			productName = findMe;
			productReference = D31DF2F219CEFC0C00A37725 /* findme.app */;
			productType = "com.apple.product-type.application";
		};
/* End PBXNativeTarget section */

/* Begin PBXProject section */
		D31DF2EA19CEFC0C00A37725 /* Project object */ = {
			isa = PBXProject;
			attributes = {
				LastUpgradeCheck = 0510;
				ORGANIZATIONNAME = "Avial Ltd";
				TargetAttributes = {
					D31DF2F119CEFC0C00A37725 = {
						DevelopmentTeam = U536PJZFA3;
						SystemCapabilities = {
							com.apple.BackgroundModes = {
								enabled = 1;
							};
						};
					};
				};
			};
			buildConfigurationList = D31DF2ED19CEFC0C00A37725 /* Build configuration list for PBXProject "findMe" */;
			compatibilityVersion = "Xcode 3.2";
			developmentRegion = English;
			hasScannedForEncodings = 0;
			knownRegions = (
				en,
				Base,
			);
			mainGroup = D31DF2E919CEFC0C00A37725;
			productRefGroup = D31DF2F319CEFC0C00A37725 /* Products */;
			projectDirPath = "";
			projectRoot = "";
			targets = (
				D31DF2F119CEFC0C00A37725 /* findme */,
			);
		};
/* End PBXProject section */

/* Begin PBXResourcesBuildPhase section */
		D31DF2F019CEFC0C00A37725 /* Resources */ = {
			isa = PBXResourcesBuildPhase;
			buildActionMask = 2147483647;
			files = (
				D3F4574319FD920A000EDF25 /* womanbutton.png in Resources */,
				ECE6B16C1A069DAB007F4A19 /* stockphotowoman2.jpg in Resources */,
				ECE6B16E1A06AD0E007F4A19 /* sawyousubway.jpg in Resources */,
				D3F4574219FD920A000EDF25 /* ManButton.png in Resources */,
				D31DF30C19CEFC0C00A37725 /* Main_iPad.storyboard in Resources */,
				D3F4574B1A003772000EDF25 /* stockphotoguy1.jpg in Resources */,
				D31DF31119CEFC0C00A37725 /* Images.xcassets in Resources */,
				EC9F51DF1A2AC68B00CFED6E /* blurredlights.jpg in Resources */,
				D3F457491A0031F0000EDF25 /* stockphotowoman1.jpg in Resources */,
				D31DF30919CEFC0C00A37725 /* Main_iPhone.storyboard in Resources */,
				ECE6B1721A06B8A9007F4A19 /* thinkingaboutyou.jpg in Resources */,
				ECE6B16A1A069C1D007F4A19 /* findmeInfo.plist in Resources */,
				EC9F51DD1A2AC63F00CFED6E /* gaussianblur.jpg in Resources */,
				ECE6B1711A06B8A9007F4A19 /* alwaysloveyou.png in Resources */,
				EC0823011A18689C000B6684 /* cityLightsBG.jpg in Resources */,
				D3207B0419E9CF8B00085B7C /* green-checkmark.jpg in Resources */,
				EC9F51DB1A2AC53B00CFED6E /* longexposurestreetlights.jpeg in Resources */,
				D31DF30019CEFC0C00A37725 /* InfoPlist.strings in Resources */,
			);
			runOnlyForDeploymentPostprocessing = 0;
		};
/* End PBXResourcesBuildPhase section */

/* Begin PBXSourcesBuildPhase section */
		D31DF2EE19CEFC0C00A37725 /* Sources */ = {
			isa = PBXSourcesBuildPhase;
			buildActionMask = 2147483647;
			files = (
				EC0822FA1A0EE7F0000B6684 /* UIImage+GIF.m in Sources */,
				ECE6B1801A0D9FF3007F4A19 /* UIImageView+Scaling.m in Sources */,
				EC0823041A186B13000B6684 /* HomePageViewController.m in Sources */,
				D31DF30F19CEFC0C00A37725 /* ViewCasesViewController.m in Sources */,
				D3FBD13D19D0505D008240F5 /* Case.m in Sources */,
				ECEF94491A832A4F0000A444 /* SWCellScrollView.m in Sources */,
				D318324919D06173003D51A3 /* CaseItem.m in Sources */,
				EC0822FC1A0EE7F0000B6684 /* UIImage+WebP.m in Sources */,
				EC0822F11A0EE7F0000B6684 /* NSData+ImageContentType.m in Sources */,
				D31DF30619CEFC0C00A37725 /* AppDelegate.m in Sources */,
				D3207B0219E9CBCE00085B7C /* NewPropertyViewController.m in Sources */,
				ECEF944A1A832A4F0000A444 /* SWLongPressGestureRecognizer.m in Sources */,
				EC0822F41A0EE7F0000B6684 /* SDWebImageDecoder.m in Sources */,
				D3F4573F19F88199000EDF25 /* setProfileViewController.m in Sources */,
				ECEF944D1A832A4F0000A444 /* SWUtilityButtonView.m in Sources */,
				ECEF944B1A832A4F0000A444 /* SWTableViewCell.m in Sources */,
				EC0822F91A0EE7F0000B6684 /* UIButton+WebCache.m in Sources */,
				EC0822F71A0EE7F0000B6684 /* SDWebImageManager.m in Sources */,
				ECE6B1811A0D9FF3007F4A19 /* UIImageView+UIActivityIndicatorForSDWebImage.m in Sources */,
				EC0822FE1A0EE7F0000B6684 /* UIImageView+WebCache.m in Sources */,
				D3207AFF19E9B01200085B7C /* MBProgressHUD.m in Sources */,
				ECE6B1841A0DA01D007F4A19 /* UIImage+Scaling.m in Sources */,
				D328EF7719DCA99B00838999 /* XMLWriter.m in Sources */,
				ECEF944C1A832A4F0000A444 /* SWUtilityButtonTapGestureRecognizer.m in Sources */,
				D318325019D1828B003D51A3 /* CaseDetailsViewController.m in Sources */,
				EC0822FD1A0EE7F0000B6684 /* UIImageView+HighlightedWebCache.m in Sources */,
				EC0822F51A0EE7F0000B6684 /* SDWebImageDownloader.m in Sources */,
				EC0822F81A0EE7F0000B6684 /* SDWebImagePrefetcher.m in Sources */,
				D3F457471A0026EE000EDF25 /* UIView+Animation.m in Sources */,
				EC0822F21A0EE7F0000B6684 /* SDImageCache.m in Sources */,
				EC0822F61A0EE7F0000B6684 /* SDWebImageDownloaderOperation.m in Sources */,
				ECEF94481A832A4F0000A444 /* NSMutableArray+SWUtilityButtons.m in Sources */,
				ECF19FB81A76DAF200607E6D /* CaseDetailsEmailViewController.m in Sources */,
				ECB1D5111A7748B5008CC684 /* popupViewController.m in Sources */,
				D31DF30219CEFC0C00A37725 /* main.m in Sources */,
				EC0822F01A0EE7F0000B6684 /* MKAnnotationView+WebCache.m in Sources */,
				EC0822FB1A0EE7F0000B6684 /* UIImage+MultiFormat.m in Sources */,
				EC0822FF1A0EE7F0000B6684 /* UIView+WebCacheOperation.m in Sources */,
				EC0822F31A0EE7F0000B6684 /* SDWebImageCompat.m in Sources */,
				D318324D19D062ED003D51A3 /* CaseBuilder.m in Sources */,
				ECE6B1761A0D8AE5007F4A19 /* newCaseViewController.m in Sources */,
			);
			runOnlyForDeploymentPostprocessing = 0;
		};
/* End PBXSourcesBuildPhase section */

/* Begin PBXVariantGroup section */
		D31DF2FE19CEFC0C00A37725 /* InfoPlist.strings */ = {
			isa = PBXVariantGroup;
			children = (
				D31DF2FF19CEFC0C00A37725 /* en */,
			);
			name = InfoPlist.strings;
			sourceTree = "<group>";
		};
		D31DF30719CEFC0C00A37725 /* Main_iPhone.storyboard */ = {
			isa = PBXVariantGroup;
			children = (
				D31DF30819CEFC0C00A37725 /* Base */,
			);
			name = Main_iPhone.storyboard;
			sourceTree = "<group>";
		};
		D31DF30A19CEFC0C00A37725 /* Main_iPad.storyboard */ = {
			isa = PBXVariantGroup;
			children = (
				D31DF30B19CEFC0C00A37725 /* Base */,
			);
			name = Main_iPad.storyboard;
			sourceTree = "<group>";
		};
		D31DF32019CEFC0C00A37725 /* InfoPlist.strings */ = {
			isa = PBXVariantGroup;
			children = (
				D31DF32119CEFC0C00A37725 /* en */,
			);
			name = InfoPlist.strings;
			sourceTree = "<group>";
		};
/* End PBXVariantGroup section */

/* Begin XCBuildConfiguration section */
		D31DF32519CEFC0C00A37725 /* Debug */ = {
			isa = XCBuildConfiguration;
			buildSettings = {
				ALWAYS_SEARCH_USER_PATHS = NO;
				CLANG_CXX_LANGUAGE_STANDARD = "gnu++0x";
				CLANG_CXX_LIBRARY = "libc++";
				CLANG_ENABLE_MODULES = YES;
				CLANG_ENABLE_OBJC_ARC = YES;
				CLANG_WARN_BOOL_CONVERSION = YES;
				CLANG_WARN_CONSTANT_CONVERSION = YES;
				CLANG_WARN_DIRECT_OBJC_ISA_USAGE = YES_ERROR;
				CLANG_WARN_EMPTY_BODY = YES;
				CLANG_WARN_ENUM_CONVERSION = YES;
				CLANG_WARN_INT_CONVERSION = YES;
				CLANG_WARN_OBJC_ROOT_CLASS = YES_ERROR;
				CLANG_WARN__DUPLICATE_METHOD_MATCH = YES;
				CODE_SIGN_IDENTITY = "";
				"CODE_SIGN_IDENTITY[sdk=iphoneos*]" = "";
				COPY_PHASE_STRIP = NO;
				GCC_C_LANGUAGE_STANDARD = gnu99;
				GCC_DYNAMIC_NO_PIC = NO;
				GCC_OPTIMIZATION_LEVEL = 0;
				GCC_PREPROCESSOR_DEFINITIONS = (
					"DEBUG=1",
					"$(inherited)",
				);
				GCC_SYMBOLS_PRIVATE_EXTERN = NO;
				GCC_WARN_64_TO_32_BIT_CONVERSION = YES;
				GCC_WARN_ABOUT_RETURN_TYPE = YES_ERROR;
				GCC_WARN_UNDECLARED_SELECTOR = YES;
				GCC_WARN_UNINITIALIZED_AUTOS = YES_AGGRESSIVE;
				GCC_WARN_UNUSED_FUNCTION = YES;
				GCC_WARN_UNUSED_VARIABLE = YES;
				IPHONEOS_DEPLOYMENT_TARGET = 7.1;
				ONLY_ACTIVE_ARCH = YES;
				OTHER_LDFLAGS = "-ObjC";
				PRODUCT_NAME = findMe;
				PROVISIONING_PROFILE = "6355d950-87b9-4ac9-8c1e-7859712810df";
				SDKROOT = iphoneos;
				TARGETED_DEVICE_FAMILY = "1,2";
			};
			name = Debug;
		};
		D31DF32619CEFC0C00A37725 /* Release */ = {
			isa = XCBuildConfiguration;
			buildSettings = {
				ALWAYS_SEARCH_USER_PATHS = NO;
				CLANG_CXX_LANGUAGE_STANDARD = "gnu++0x";
				CLANG_CXX_LIBRARY = "libc++";
				CLANG_ENABLE_MODULES = YES;
				CLANG_ENABLE_OBJC_ARC = YES;
				CLANG_WARN_BOOL_CONVERSION = YES;
				CLANG_WARN_CONSTANT_CONVERSION = YES;
				CLANG_WARN_DIRECT_OBJC_ISA_USAGE = YES_ERROR;
				CLANG_WARN_EMPTY_BODY = YES;
				CLANG_WARN_ENUM_CONVERSION = YES;
				CLANG_WARN_INT_CONVERSION = YES;
				CLANG_WARN_OBJC_ROOT_CLASS = YES_ERROR;
				CLANG_WARN__DUPLICATE_METHOD_MATCH = YES;
				CODE_SIGN_IDENTITY = "";
				"CODE_SIGN_IDENTITY[sdk=iphoneos*]" = "";
				COPY_PHASE_STRIP = YES;
				ENABLE_NS_ASSERTIONS = NO;
				GCC_C_LANGUAGE_STANDARD = gnu99;
				GCC_WARN_64_TO_32_BIT_CONVERSION = YES;
				GCC_WARN_ABOUT_RETURN_TYPE = YES_ERROR;
				GCC_WARN_UNDECLARED_SELECTOR = YES;
				GCC_WARN_UNINITIALIZED_AUTOS = YES_AGGRESSIVE;
				GCC_WARN_UNUSED_FUNCTION = YES;
				GCC_WARN_UNUSED_VARIABLE = YES;
				IPHONEOS_DEPLOYMENT_TARGET = 7.1;
				OTHER_LDFLAGS = "-ObjC";
				PRODUCT_NAME = findMe;
				PROVISIONING_PROFILE = "6355d950-87b9-4ac9-8c1e-7859712810df";
				SDKROOT = iphoneos;
				TARGETED_DEVICE_FAMILY = "1,2";
				VALIDATE_PRODUCT = YES;
			};
			name = Release;
		};
		D31DF32819CEFC0C00A37725 /* Debug */ = {
			isa = XCBuildConfiguration;
			buildSettings = {
				ASSETCATALOG_COMPILER_APPICON_NAME = AppIcon;
				ASSETCATALOG_COMPILER_LAUNCHIMAGE_NAME = LaunchImage;
				CODE_SIGN_IDENTITY = "";
				"CODE_SIGN_IDENTITY[sdk=iphoneos*]" = "";
				FRAMEWORK_SEARCH_PATHS = (
					"$(inherited)",
					"$(PROJECT_DIR)/findMe/**",
					"$(PROJECT_DIR)/findMe",
				);
				GCC_PRECOMPILE_PREFIX_HEADER = YES;
				GCC_PREFIX_HEADER = "findMe/findme-Prefix.pch";
				INFOPLIST_FILE = findMe/findmeInfo.plist;
				PRODUCT_NAME = findme;
				PROVISIONING_PROFILE = "6355d950-87b9-4ac9-8c1e-7859712810df";
				WRAPPER_EXTENSION = app;
			};
			name = Debug;
		};
		D31DF32919CEFC0C00A37725 /* Release */ = {
			isa = XCBuildConfiguration;
			buildSettings = {
				ASSETCATALOG_COMPILER_APPICON_NAME = AppIcon;
				ASSETCATALOG_COMPILER_LAUNCHIMAGE_NAME = LaunchImage;
				CODE_SIGN_IDENTITY = "";
				"CODE_SIGN_IDENTITY[sdk=iphoneos*]" = "";
				FRAMEWORK_SEARCH_PATHS = (
					"$(inherited)",
					"$(PROJECT_DIR)/findMe/**",
					"$(PROJECT_DIR)/findMe",
				);
				GCC_PRECOMPILE_PREFIX_HEADER = YES;
				GCC_PREFIX_HEADER = "findMe/findme-Prefix.pch";
				INFOPLIST_FILE = findMe/findmeInfo.plist;
				PRODUCT_NAME = findme;
				PROVISIONING_PROFILE = "6355d950-87b9-4ac9-8c1e-7859712810df";
				WRAPPER_EXTENSION = app;
			};
			name = Release;
		};
/* End XCBuildConfiguration section */

/* Begin XCConfigurationList section */
		D31DF2ED19CEFC0C00A37725 /* Build configuration list for PBXProject "findMe" */ = {
			isa = XCConfigurationList;
			buildConfigurations = (
				D31DF32519CEFC0C00A37725 /* Debug */,
				D31DF32619CEFC0C00A37725 /* Release */,
			);
			defaultConfigurationIsVisible = 0;
			defaultConfigurationName = Release;
		};
		D31DF32719CEFC0C00A37725 /* Build configuration list for PBXNativeTarget "findme" */ = {
			isa = XCConfigurationList;
			buildConfigurations = (
				D31DF32819CEFC0C00A37725 /* Debug */,
				D31DF32919CEFC0C00A37725 /* Release */,
			);
			defaultConfigurationIsVisible = 0;
			defaultConfigurationName = Release;
		};
/* End XCConfigurationList section */
	};
	rootObject = D31DF2EA19CEFC0C00A37725 /* Project object */;
}
